
Microsoft Visual Studio Solution File, Format Version 12.00
# Visual Studio Version 17
VisualStudioVersion = 17.6.33829.357
MinimumVisualStudioVersion = 10.0.40219.1
Project("{FAE04EC0-301F-11D3-BF4B-00C04F79EFBC}") = "JsonFile", "JsonFile\JsonFile.csproj", "{7663CE27-8259-489F-B9E4-42043877EF5B}"
EndProject
Global
	GlobalSection(SolutionConfigurationPlatforms) = preSolution
		Debug|Any CPU = Debug|Any CPU
		Release|Any CPU = Release|Any CPU
	EndGlobalSection
	GlobalSection(ProjectConfigurationPlatforms) = postSolution
		{7663CE27-8259-489F-B9E4-42043877EF5B}.Debug|Any CPU.ActiveCfg = Debug|Any CPU
		{7663CE27-8259-489F-B9E4-42043877EF5B}.Debug|Any CPU.Build.0 = Debug|Any CPU
		{7663CE27-8259-489F-B9E4-42043877EF5B}.Release|Any CPU.ActiveCfg = Release|Any CPU
		{7663CE27-8259-489F-B9E4-42043877EF5B}.Release|Any CPU.Build.0 = Release|Any CPU
	EndGlobalSection
	GlobalSection(SolutionProperties) = preSolution
		HideSolutionNode = FALSE
	EndGlobalSection
	GlobalSection(ExtensibilityGlobals) = postSolution
		SolutionGuid = {623AED69-231C-4022-9266-EE7E412D4766}
	EndGlobalSection
EndGlobal
